{
  "nodes": {
    "minimalbase": {
      "inputs": {
        "nixpkgs": "nixpkgs"
      },
      "locked": {
        "lastModified": 1783907175,
        "narHash": "sha256-whql8BodbVGYVv5hai9KDFybSc/BdpH/DTzVL1LUXrw=",
        "owner": "nonrootdocker",
        "repo": "minimalbase",
        "rev": "9345cfa2fcd7a439cc2b3c05fe5f2d0ec8a55d5f",
        "type": "github"
      },
      "original": {
        "owner": "nonrootdocker",
        "repo": "minimalbase",
        "type": "github"
      }
    },
    "nixpkgs": {
      "locked": {
        "lastModified": 1783906089,
        "narHash": "sha256-kAWiNERbPqA7riv8mPvXod2z7nd9Z808VcpHJUBbge0=",
        "owner": "NixOS",
        "repo": "nixpkgs",
        "rev": "0fa1f46fe7a1010a8c3cb0b3b1d50a084b7b903c",
        "type": "github"
      },
      "original": {
        "owner": "NixOS",
        "repo": "nixpkgs",
        "type": "github"
      }
    },
    "radarr-src": {
      "flake": false,
      "locked": {
        "lastModified": 1783868971,
        "narHash": "sha256-DUMj55xAjJTNYPVzmstgMy2Wm8RtuKI10fyhYxjkPBA=",
        "type": "tarball",
        "url": "https://radarr.servarr.com/v1/update/master/updatefile?os=linux&runtime=netcore&arch=x64"
      },
      "original": {
        "type": "tarball",
        "url": "https://radarr.servarr.com/v1/update/master/updatefile?os=linux&runtime=netcore&arch=x64"
      }
    },
    "root": {
      "inputs": {
        "minimalbase": "minimalbase",
        "nixpkgs": [
          "minimalbase",
          "nixpkgs"
        ],
        "radarr-src": "radarr-src"
      }
    }
  },
  "root": "root",
  "version": 7
}
