{
  "nodes": {
    "minimalbase": {
      "inputs": {
        "nixpkgs": "nixpkgs"
      },
      "locked": {
        "lastModified": 1784511945,
        "narHash": "sha256-OApR1HBy9NmWH/ud39FlgzrMkKIj9QfS9/EGoWCjxxY=",
        "owner": "nonrootdocker",
        "repo": "minimalbase",
        "rev": "1a20bbfb182f6fa4a09a801bee402b018e4477ec",
        "type": "github"
      },
      "original": {
        "owner": "nonrootdocker",
        "repo": "minimalbase",
        "type": "github"
      }
    },
    "nixpkgs": {
      "locked": {
        "lastModified": 1784508026,
        "narHash": "sha256-EddZoUOq5uckSChPSjUSwDXzF08HLTRf1TcdbqliL/w=",
        "owner": "NixOS",
        "repo": "nixpkgs",
        "rev": "ab62973b0df4351b387e25885abef97201eba365",
        "type": "github"
      },
      "original": {
        "owner": "NixOS",
        "repo": "nixpkgs",
        "type": "github"
      }
    },
    "radarr-src": {
      "flake": false,
      "locked": {
        "lastModified": 1783868971,
        "narHash": "sha256-DUMj55xAjJTNYPVzmstgMy2Wm8RtuKI10fyhYxjkPBA=",
        "type": "tarball",
        "url": "https://radarr.servarr.com/v1/update/master/updatefile?os=linux&runtime=netcore&arch=x64"
      },
      "original": {
        "type": "tarball",
        "url": "https://radarr.servarr.com/v1/update/master/updatefile?os=linux&runtime=netcore&arch=x64"
      }
    },
    "root": {
      "inputs": {
        "minimalbase": "minimalbase",
        "nixpkgs": [
          "minimalbase",
          "nixpkgs"
        ],
        "radarr-src": "radarr-src"
      }
    }
  },
  "root": "root",
  "version": 7
}
